# This file was autogenerated by Stack.
# You should not edit this file by hand.
# For more information, please see the documentation at:
#   https://docs.haskellstack.org/en/stable/lock_files

packages:
- completed:
    hackage: netlink-1.1.1.0@sha256:d83424b5ba9921191449e4b1f53c7cba7f4375f2c55a9b737c77e982e1f40d00,3689
    pantry-tree:
      size: 1598
      sha256: 42a57a2db0d8b44e04a04905ed56994b7293d2f244595bf3e65480c36d114ac3
  original:
    hackage: netlink-1.1.1.0
snapshots:
- completed:
    size: 586069
    url: https://raw.githubusercontent.com/commercialhaskell/stackage-snapshots/master/lts/18/14.yaml
    sha256: 87842ecbaa8ca9cee59a7e6be52369dbed82ed075cb4e0d152614a627e8fd488
  original:
    url: https://raw.githubusercontent.com/commercialhaskell/stackage-snapshots/master/lts/18/14.yaml
